
Microsoft Visual Studio Solution File, Format Version 12.00
# Visual Studio 2012
Project("{FAE04EC0-301F-11D3-BF4B-00C04F79EFBC}") = "todolist", "todolist\todolist.csproj", "{974A7B1E-76F0-4B17-B47E-BB0F74C03808}"
EndProject
Global
	GlobalSection(SolutionConfigurationPlatforms) = preSolution
		Debug|Any CPU = Debug|Any CPU
		Release|Any CPU = Release|Any CPU
	EndGlobalSection
	GlobalSection(ProjectConfigurationPlatforms) = postSolution
		{974A7B1E-76F0-4B17-B47E-BB0F74C03808}.Debug|Any CPU.ActiveCfg = Debug|Any CPU
		{974A7B1E-76F0-4B17-B47E-BB0F74C03808}.Debug|Any CPU.Build.0 = Debug|Any CPU
		{974A7B1E-76F0-4B17-B47E-BB0F74C03808}.Release|Any CPU.ActiveCfg = Release|Any CPU
		{974A7B1E-76F0-4B17-B47E-BB0F74C03808}.Release|Any CPU.Build.0 = Release|Any CPU
	EndGlobalSection
	GlobalSection(SolutionProperties) = preSolution
		HideSolutionNode = FALSE
	EndGlobalSection
EndGlobal
